
Microsoft Visual Studio Solution File, Format Version 12.00
# Visual Studio Version 17
VisualStudioVersion = 17.3.32922.545
MinimumVisualStudioVersion = 10.0.40219.1
Project("{8BC9CEB8-8B4A-11D0-8D11-00A0C91BC942}") = "InClass3", "InClass3\InClass3.vcxproj", "{BAFF700D-9264-4E51-BFD8-EB0DC0ABB533}"
EndProject
Global
	GlobalSection(SolutionConfigurationPlatforms) = preSolution
		Debug|x64 = Debug|x64
		Debug|x86 = Debug|x86
		Release|x64 = Release|x64
		Release|x86 = Release|x86
	EndGlobalSection
	GlobalSection(ProjectConfigurationPlatforms) = postSolution
		{BAFF700D-9264-4E51-BFD8-EB0DC0ABB533}.Debug|x64.ActiveCfg = Debug|x64
		{BAFF700D-9264-4E51-BFD8-EB0DC0ABB533}.Debug|x64.Build.0 = Debug|x64
		{BAFF700D-9264-4E51-BFD8-EB0DC0ABB533}.Debug|x86.ActiveCfg = Debug|Win32
		{BAFF700D-9264-4E51-BFD8-EB0DC0ABB533}.Debug|x86.Build.0 = Debug|Win32
		{BAFF700D-9264-4E51-BFD8-EB0DC0ABB533}.Release|x64.ActiveCfg = Release|x64
		{BAFF700D-9264-4E51-BFD8-EB0DC0ABB533}.Release|x64.Build.0 = Release|x64
		{BAFF700D-9264-4E51-BFD8-EB0DC0ABB533}.Release|x86.ActiveCfg = Release|Win32
		{BAFF700D-9264-4E51-BFD8-EB0DC0ABB533}.Release|x86.Build.0 = Release|Win32
	EndGlobalSection
	GlobalSection(SolutionProperties) = preSolution
		HideSolutionNode = FALSE
	EndGlobalSection
	GlobalSection(ExtensibilityGlobals) = postSolution
		SolutionGuid = {727508C0-FA51-4A32-A1F4-1A6F81A9B010}
	EndGlobalSection
EndGlobal
