
Microsoft Visual Studio Solution File, Format Version 12.00
# Visual Studio Version 17
VisualStudioVersion = 17.3.32922.545
MinimumVisualStudioVersion = 10.0.40219.1
Project("{8BC9CEB8-8B4A-11D0-8D11-00A0C91BC942}") = "TemaLab1C", "TemaLab1C\TemaLab1C.vcxproj", "{5666F4DA-5B44-4B11-A4BB-33E53CF16C9B}"
EndProject
Global
	GlobalSection(SolutionConfigurationPlatforms) = preSolution
		Debug|x64 = Debug|x64
		Debug|x86 = Debug|x86
		Release|x64 = Release|x64
		Release|x86 = Release|x86
	EndGlobalSection
	GlobalSection(ProjectConfigurationPlatforms) = postSolution
		{5666F4DA-5B44-4B11-A4BB-33E53CF16C9B}.Debug|x64.ActiveCfg = Debug|x64
		{5666F4DA-5B44-4B11-A4BB-33E53CF16C9B}.Debug|x64.Build.0 = Debug|x64
		{5666F4DA-5B44-4B11-A4BB-33E53CF16C9B}.Debug|x86.ActiveCfg = Debug|Win32
		{5666F4DA-5B44-4B11-A4BB-33E53CF16C9B}.Debug|x86.Build.0 = Debug|Win32
		{5666F4DA-5B44-4B11-A4BB-33E53CF16C9B}.Release|x64.ActiveCfg = Release|x64
		{5666F4DA-5B44-4B11-A4BB-33E53CF16C9B}.Release|x64.Build.0 = Release|x64
		{5666F4DA-5B44-4B11-A4BB-33E53CF16C9B}.Release|x86.ActiveCfg = Release|Win32
		{5666F4DA-5B44-4B11-A4BB-33E53CF16C9B}.Release|x86.Build.0 = Release|Win32
	EndGlobalSection
	GlobalSection(SolutionProperties) = preSolution
		HideSolutionNode = FALSE
	EndGlobalSection
	GlobalSection(ExtensibilityGlobals) = postSolution
		SolutionGuid = {71F4983E-EB23-4AAC-83F7-C9F0ED3659BF}
	EndGlobalSection
EndGlobal
